// !$*UTF8*$!
{
	archiveVersion = 1;
	classes = {
	};
	objectVersion = 77;
	objects = {

/* Begin PBXContainerItemProxy section */
		FC9C6D032E2E5B52007BC1BF /* PBXContainerItemProxy */ = {
			isa = PBXContainerItemProxy;
			containerPortal = FC9C6CEC2E2E5B50007BC1BF /* Project object */;
			proxyType = 1;
			remoteGlobalIDString = FC9C6CF32E2E5B50007BC1BF;
			remoteInfo = NiceUtil;
		};
		FC9C6D0D2E2E5B52007BC1BF /* PBXContainerItemProxy */ = {
			isa = PBXContainerItemProxy;
			containerPortal = FC9C6CEC2E2E5B50007BC1BF /* Project object */;
			proxyType = 1;
			remoteGlobalIDString = FC9C6CF32E2E5B50007BC1BF;
			remoteInfo = NiceUtil;
		};
/* End PBXContainerItemProxy section */

/* Begin PBXFileReference section */
		FC9C6CF42E2E5B50007BC1BF /* NiceUtil.app */ = {isa = PBXFileReference; explicitFileType = wrapper.application; includeInIndex = 0; path = NiceUtil.app; sourceTree = BUILT_PRODUCTS_DIR; };
		FC9C6D022E2E5B52007BC1BF /* NiceUtilTests.xctest */ = {isa = PBXFileReference; explicitFileType = wrapper.cfbundle; includeInIndex = 0; path = NiceUtilTests.xctest; sourceTree = BUILT_PRODUCTS_DIR; };
		FC9C6D0C2E2E5B52007BC1BF /* NiceUtilUITests.xctest */ = {isa = PBXFileReference; explicitFileType = wrapper.cfbundle; includeInIndex = 0; path = NiceUtilUITests.xctest; sourceTree = BUILT_PRODUCTS_DIR; };
/* End PBXFileReference section */

/* Begin PBXFileSystemSynchronizedRootGroup section */
		FC9C6CF62E2E5B50007BC1BF /* NiceUtil */ = {
			isa = PBXFileSystemSynchronizedRootGroup;
			path = NiceUtil;
			sourceTree = "<group>";
		};
		FC9C6D052E2E5B52007BC1BF /* NiceUtilTests */ = {
			isa = PBXFileSystemSynchronizedRootGroup;
			path = NiceUtilTests;
			sourceTree = "<group>";
		};
		FC9C6D0F2E2E5B52007BC1BF /* NiceUtilUITests */ = {
			isa = PBXFileSystemSynchronizedRootGroup;
			path = NiceUtilUITests;
			sourceTree = "<group>";
		};
/* End PBXFileSystemSynchronizedRootGroup section */

/* Begin PBXFrameworksBuildPhase section */
		FC9C6CF12E2E5B50007BC1BF /* Frameworks */ = {
			isa = PBXFrameworksBuildPhase;
			buildActionMask = 2147483647;
			files = (
			);
			runOnlyForDeploymentPostprocessing = 0;
		};
		FC9C6CFF2E2E5B52007BC1BF /* Frameworks */ = {
			isa = PBXFrameworksBuildPhase;
			buildActionMask = 2147483647;
			files = (
			);
			runOnlyForDeploymentPostprocessing = 0;
		};
		FC9C6D092E2E5B52007BC1BF /* Frameworks */ = {
			isa = PBXFrameworksBuildPhase;
			buildActionMask = 2147483647;
			files = (
			);
			runOnlyForDeploymentPostprocessing = 0;
		};
/* End PBXFrameworksBuildPhase section */

/* Begin PBXGroup section */
		FC9C6CEB2E2E5B50007BC1BF = {
			isa = PBXGroup;
			children = (
				FC9C6CF62E2E5B50007BC1BF /* NiceUtil */,
				FC9C6D052E2E5B52007BC1BF /* NiceUtilTests */,
				FC9C6D0F2E2E5B52007BC1BF /* NiceUtilUITests */,
				FC9C6CF52E2E5B50007BC1BF /* Products */,
			);
			sourceTree = "<group>";
		};
		FC9C6CF52E2E5B50007BC1BF /* Products */ = {
			isa = PBXGroup;
			children = (
				FC9C6CF42E2E5B50007BC1BF /* NiceUtil.app */,
				FC9C6D022E2E5B52007BC1BF /* NiceUtilTests.xctest */,
				FC9C6D0C2E2E5B52007BC1BF /* NiceUtilUITests.xctest */,
			);
			name = Products;
			sourceTree = "<group>";
		};
/* End PBXGroup section */

/* Begin PBXNativeTarget section */
		FC9C6CF32E2E5B50007BC1BF /* NiceUtil */ = {
			isa = PBXNativeTarget;
			buildConfigurationList = FC9C6D162E2E5B52007BC1BF /* Build configuration list for PBXNativeTarget "NiceUtil" */;
			buildPhases = (
				FC9C6CF02E2E5B50007BC1BF /* Sources */,
				FC9C6CF12E2E5B50007BC1BF /* Frameworks */,
				FC9C6CF22E2E5B50007BC1BF /* Resources */,
			);
			buildRules = (
			);
			dependencies = (
			);
			fileSystemSynchronizedGroups = (
				FC9C6CF62E2E5B50007BC1BF /* NiceUtil */,
			);
			name = NiceUtil;
			packageProductDependencies = (
			);
			productName = NiceUtil;
			productReference = FC9C6CF42E2E5B50007BC1BF /* NiceUtil.app */;
			productType = "com.apple.product-type.application";
		};
		FC9C6D012E2E5B52007BC1BF /* NiceUtilTests */ = {
			isa = PBXNativeTarget;
			buildConfigurationList = FC9C6D192E2E5B52007BC1BF /* Build configuration list for PBXNativeTarget "NiceUtilTests" */;
			buildPhases = (
				FC9C6CFE2E2E5B52007BC1BF /* Sources */,
				FC9C6CFF2E2E5B52007BC1BF /* Frameworks */,
				FC9C6D002E2E5B52007BC1BF /* Resources */,
			);
			buildRules = (
			);
			dependencies = (
				FC9C6D042E2E5B52007BC1BF /* PBXTargetDependency */,
			);
			fileSystemSynchronizedGroups = (
				FC9C6D052E2E5B52007BC1BF /* NiceUtilTests */,
			);
			name = NiceUtilTests;
			packageProductDependencies = (
			);
			productName = NiceUtilTests;
			productReference = FC9C6D022E2E5B52007BC1BF /* NiceUtilTests.xctest */;
			productType = "com.apple.product-type.bundle.unit-test";
		};
		FC9C6D0B2E2E5B52007BC1BF /* NiceUtilUITests */ = {
			isa = PBXNativeTarget;
			buildConfigurationList = FC9C6D1C2E2E5B52007BC1BF /* Build configuration list for PBXNativeTarget "NiceUtilUITests" */;
			buildPhases = (
				FC9C6D082E2E5B52007BC1BF /* Sources */,
				FC9C6D092E2E5B52007BC1BF /* Frameworks */,
				FC9C6D0A2E2E5B52007BC1BF /* Resources */,
			);
			buildRules = (
			);
			dependencies = (
				FC9C6D0E2E2E5B52007BC1BF /* PBXTargetDependency */,
			);
			fileSystemSynchronizedGroups = (
				FC9C6D0F2E2E5B52007BC1BF /* NiceUtilUITests */,
			);
			name = NiceUtilUITests;
			packageProductDependencies = (
			);
			productName = NiceUtilUITests;
			productReference = FC9C6D0C2E2E5B52007BC1BF /* NiceUtilUITests.xctest */;
			productType = "com.apple.product-type.bundle.ui-testing";
		};
/* End PBXNativeTarget section */

/* Begin PBXProject section */
		FC9C6CEC2E2E5B50007BC1BF /* Project object */ = {
			isa = PBXProject;
			attributes = {
				BuildIndependentTargetsInParallel = 1;
				LastSwiftUpdateCheck = 1640;
				LastUpgradeCheck = 1640;
				TargetAttributes = {
					FC9C6CF32E2E5B50007BC1BF = {
						CreatedOnToolsVersion = 16.4;
					};
					FC9C6D012E2E5B52007BC1BF = {
						CreatedOnToolsVersion = 16.4;
						TestTargetID = FC9C6CF32E2E5B50007BC1BF;
					};
					FC9C6D0B2E2E5B52007BC1BF = {
						CreatedOnToolsVersion = 16.4;
						TestTargetID = FC9C6CF32E2E5B50007BC1BF;
					};
				};
			};
			buildConfigurationList = FC9C6CEF2E2E5B50007BC1BF /* Build configuration list for PBXProject "NiceUtil" */;
			developmentRegion = en;
			hasScannedForEncodings = 0;
			knownRegions = (
				en,
				Base,
			);
			mainGroup = FC9C6CEB2E2E5B50007BC1BF;
			minimizedProjectReferenceProxies = 1;
			preferredProjectObjectVersion = 77;
			productRefGroup = FC9C6CF52E2E5B50007BC1BF /* Products */;
			projectDirPath = "";
			projectRoot = "";
			targets = (
				FC9C6CF32E2E5B50007BC1BF /* NiceUtil */,
				FC9C6D012E2E5B52007BC1BF /* NiceUtilTests */,
				FC9C6D0B2E2E5B52007BC1BF /* NiceUtilUITests */,
			);
		};
/* End PBXProject section */

/* Begin PBXResourcesBuildPhase section */
		FC9C6CF22E2E5B50007BC1BF /* Resources */ = {
			isa = PBXResourcesBuildPhase;
			buildActionMask = 2147483647;
			files = (
			);
			runOnlyForDeploymentPostprocessing = 0;
		};
		FC9C6D002E2E5B52007BC1BF /* Resources */ = {
			isa = PBXResourcesBuildPhase;
			buildActionMask = 2147483647;
			files = (
			);
			runOnlyForDeploymentPostprocessing = 0;
		};
		FC9C6D0A2E2E5B52007BC1BF /* Resources */ = {
			isa = PBXResourcesBuildPhase;
			buildActionMask = 2147483647;
			files = (
			);
			runOnlyForDeploymentPostprocessing = 0;
		};
/* End PBXResourcesBuildPhase section */

/* Begin PBXSourcesBuildPhase section */
		FC9C6CF02E2E5B50007BC1BF /* Sources */ = {
			isa = PBXSourcesBuildPhase;
			buildActionMask = 2147483647;
			files = (
			);
			runOnlyForDeploymentPostprocessing = 0;
		};
		FC9C6CFE2E2E5B52007BC1BF /* Sources */ = {
			isa = PBXSourcesBuildPhase;
			buildActionMask = 2147483647;
			files = (
			);
			runOnlyForDeploymentPostprocessing = 0;
		};
		FC9C6D082E2E5B52007BC1BF /* Sources */ = {
			isa = PBXSourcesBuildPhase;
			buildActionMask = 2147483647;
			files = (
			);
			runOnlyForDeploymentPostprocessing = 0;
		};
/* End PBXSourcesBuildPhase section */

/* Begin PBXTargetDependency section */
		FC9C6D042E2E5B52007BC1BF /* PBXTargetDependency */ = {
			isa = PBXTargetDependency;
			target = FC9C6CF32E2E5B50007BC1BF /* NiceUtil */;
			targetProxy = FC9C6D032E2E5B52007BC1BF /* PBXContainerItemProxy */;
		};
		FC9C6D0E2E2E5B52007BC1BF /* PBXTargetDependency */ = {
			isa = PBXTargetDependency;
			target = FC9C6CF32E2E5B50007BC1BF /* NiceUtil */;
			targetProxy = FC9C6D0D2E2E5B52007BC1BF /* PBXContainerItemProxy */;
		};
/* End PBXTargetDependency section */

/* Begin XCBuildConfiguration section */
		FC9C6D142E2E5B52007BC1BF /* Debug */ = {
			isa = XCBuildConfiguration;
			buildSettings = {
				ALWAYS_SEARCH_USER_PATHS = NO;
				ASSETCATALOG_COMPILER_GENERATE_SWIFT_ASSET_SYMBOL_EXTENSIONS = YES;
				CLANG_ANALYZER_NONNULL = YES;
				CLANG_ANALYZER_NUMBER_OBJECT_CONVERSION = YES_AGGRESSIVE;
				CLANG_CXX_LANGUAGE_STANDARD = "gnu++20";
				CLANG_ENABLE_MODULES = YES;
				CLANG_ENABLE_OBJC_ARC = YES;
				CLANG_ENABLE_OBJC_WEAK = YES;
				CLANG_WARN_BLOCK_CAPTURE_AUTORELEASING = YES;
				CLANG_WARN_BOOL_CONVERSION = YES;
				CLANG_WARN_COMMA = YES;
				CLANG_WARN_CONSTANT_CONVERSION = YES;
				CLANG_WARN_DEPRECATED_OBJC_IMPLEMENTATIONS = YES;
				CLANG_WARN_DIRECT_OBJC_ISA_USAGE = YES_ERROR;
				CLANG_WARN_DOCUMENTATION_COMMENTS = YES;
				CLANG_WARN_EMPTY_BODY = YES;
				CLANG_WARN_ENUM_CONVERSION = YES;
				CLANG_WARN_INFINITE_RECURSION = YES;
				CLANG_WARN_INT_CONVERSION = YES;
				CLANG_WARN_NON_LITERAL_NULL_CONVERSION = YES;
				CLANG_WARN_OBJC_IMPLICIT_RETAIN_SELF = YES;
				CLANG_WARN_OBJC_LITERAL_CONVERSION = YES;
				CLANG_WARN_OBJC_ROOT_CLASS = YES_ERROR;
				CLANG_WARN_QUOTED_INCLUDE_IN_FRAMEWORK_HEADER = YES;
				CLANG_WARN_RANGE_LOOP_ANALYSIS = YES;
				CLANG_WARN_STRICT_PROTOTYPES = YES;
				CLANG_WARN_SUSPICIOUS_MOVE = YES;
				CLANG_WARN_UNGUARDED_AVAILABILITY = YES_AGGRESSIVE;
				CLANG_WARN_UNREACHABLE_CODE = YES;
				CLANG_WARN__DUPLICATE_METHOD_MATCH = YES;
				COPY_PHASE_STRIP = NO;
				DEBUG_INFORMATION_FORMAT = dwarf;
				ENABLE_STRICT_OBJC_MSGSEND = YES;
				ENABLE_TESTABILITY = YES;
				ENABLE_USER_SCRIPT_SANDBOXING = YES;
				GCC_C_LANGUAGE_STANDARD = gnu17;
				GCC_DYNAMIC_NO_PIC = NO;
				GCC_NO_COMMON_BLOCKS = YES;
				GCC_OPTIMIZATION_LEVEL = 0;
				GCC_PREPROCESSOR_DEFINITIONS = (
					"DEBUG=1",
					"$(inherited)",
				);
				GCC_WARN_64_TO_32_BIT_CONVERSION = YES;
				GCC_WARN_ABOUT_RETURN_TYPE = YES_ERROR;
				GCC_WARN_UNDECLARED_SELECTOR = YES;
				GCC_WARN_UNINITIALIZED_AUTOS = YES_AGGRESSIVE;
				GCC_WARN_UNUSED_FUNCTION = YES;
				GCC_WARN_UNUSED_VARIABLE = YES;
				LOCALIZATION_PREFERS_STRING_CATALOGS = YES;
				MACOSX_DEPLOYMENT_TARGET = 15.5;
				MTL_ENABLE_DEBUG_INFO = INCLUDE_SOURCE;
				MTL_FAST_MATH = YES;
				ONLY_ACTIVE_ARCH = YES;
				SDKROOT = macosx;
				SWIFT_ACTIVE_COMPILATION_CONDITIONS = "DEBUG $(inherited)";
				SWIFT_OPTIMIZATION_LEVEL = "-Onone";
			};
			name = Debug;
		};
		FC9C6D152E2E5B52007BC1BF /* Release */ = {
			isa = XCBuildConfiguration;
			buildSettings = {
				ALWAYS_SEARCH_USER_PATHS = NO;
				ASSETCATALOG_COMPILER_GENERATE_SWIFT_ASSET_SYMBOL_EXTENSIONS = YES;
				CLANG_ANALYZER_NONNULL = YES;
				CLANG_ANALYZER_NUMBER_OBJECT_CONVERSION = YES_AGGRESSIVE;
				CLANG_CXX_LANGUAGE_STANDARD = "gnu++20";
				CLANG_ENABLE_MODULES = YES;
				CLANG_ENABLE_OBJC_ARC = YES;
				CLANG_ENABLE_OBJC_WEAK = YES;
				CLANG_WARN_BLOCK_CAPTURE_AUTORELEASING = YES;
				CLANG_WARN_BOOL_CONVERSION = YES;
				CLANG_WARN_COMMA = YES;
				CLANG_WARN_CONSTANT_CONVERSION = YES;
				CLANG_WARN_DEPRECATED_OBJC_IMPLEMENTATIONS = YES;
				CLANG_WARN_DIRECT_OBJC_ISA_USAGE = YES_ERROR;
				CLANG_WARN_DOCUMENTATION_COMMENTS = YES;
				CLANG_WARN_EMPTY_BODY = YES;
				CLANG_WARN_ENUM_CONVERSION = YES;
				CLANG_WARN_INFINITE_RECURSION = YES;
				CLANG_WARN_INT_CONVERSION = YES;
				CLANG_WARN_NON_LITERAL_NULL_CONVERSION = YES;
				CLANG_WARN_OBJC_IMPLICIT_RETAIN_SELF = YES;
				CLANG_WARN_OBJC_LITERAL_CONVERSION = YES;
				CLANG_WARN_OBJC_ROOT_CLASS = YES_ERROR;
				CLANG_WARN_QUOTED_INCLUDE_IN_FRAMEWORK_HEADER = YES;
				CLANG_WARN_RANGE_LOOP_ANALYSIS = YES;
				CLANG_WARN_STRICT_PROTOTYPES = YES;
				CLANG_WARN_SUSPICIOUS_MOVE = YES;
				CLANG_WARN_UNGUARDED_AVAILABILITY = YES_AGGRESSIVE;
				CLANG_WARN_UNREACHABLE_CODE = YES;
				CLANG_WARN__DUPLICATE_METHOD_MATCH = YES;
				COPY_PHASE_STRIP = NO;
				DEBUG_INFORMATION_FORMAT = "dwarf-with-dsym";
				ENABLE_NS_ASSERTIONS = NO;
				ENABLE_STRICT_OBJC_MSGSEND = YES;
				ENABLE_USER_SCRIPT_SANDBOXING = YES;
				GCC_C_LANGUAGE_STANDARD = gnu17;
				GCC_NO_COMMON_BLOCKS = YES;
				GCC_WARN_64_TO_32_BIT_CONVERSION = YES;
				GCC_WARN_ABOUT_RETURN_TYPE = YES_ERROR;
				GCC_WARN_UNDECLARED_SELECTOR = YES;
				GCC_WARN_UNINITIALIZED_AUTOS = YES_AGGRESSIVE;
				GCC_WARN_UNUSED_FUNCTION = YES;
				GCC_WARN_UNUSED_VARIABLE = YES;
				LOCALIZATION_PREFERS_STRING_CATALOGS = YES;
				MACOSX_DEPLOYMENT_TARGET = 15.5;
				MTL_ENABLE_DEBUG_INFO = NO;
				MTL_FAST_MATH = YES;
				SDKROOT = macosx;
				SWIFT_COMPILATION_MODE = wholemodule;
			};
			name = Release;
		};
		FC9C6D172E2E5B52007BC1BF /* Debug */ = {
			isa = XCBuildConfiguration;
			buildSettings = {
				ASSETCATALOG_COMPILER_APPICON_NAME = AppIcon;
				ASSETCATALOG_COMPILER_GLOBAL_ACCENT_COLOR_NAME = AccentColor;
				CODE_SIGN_ENTITLEMENTS = NiceUtil/NiceUtil.entitlements;
				CODE_SIGN_STYLE = Automatic;
				COMBINE_HIDPI_IMAGES = YES;
				CURRENT_PROJECT_VERSION = 1;
				ENABLE_PREVIEWS = YES;
				GENERATE_INFOPLIST_FILE = YES;
				INFOPLIST_KEY_NSHumanReadableCopyright = "";
				LD_RUNPATH_SEARCH_PATHS = (
					"$(inherited)",
					"@executable_path/../Frameworks",
				);
				MARKETING_VERSION = 1.0;
				OTHER_LDFLAGS = (
					"-framework",
					CoreGraphics,
				);
				PRODUCT_BUNDLE_IDENTIFIER = AinuRakk.NiceUtil;
				PRODUCT_NAME = "$(TARGET_NAME)";
				REGISTER_APP_GROUPS = YES;
				SWIFT_EMIT_LOC_STRINGS = YES;
				SWIFT_OBJC_BRIDGING_HEADER = "NiceUtil/NiceUtil-Bridging-Header.h";
				SWIFT_VERSION = 5.0;
			};
			name = Debug;
		};
		FC9C6D182E2E5B52007BC1BF /* Release */ = {
			isa = XCBuildConfiguration;
			buildSettings = {
				ASSETCATALOG_COMPILER_APPICON_NAME = AppIcon;
				ASSETCATALOG_COMPILER_GLOBAL_ACCENT_COLOR_NAME = AccentColor;
				CODE_SIGN_ENTITLEMENTS = NiceUtil/NiceUtil.entitlements;
				CODE_SIGN_STYLE = Automatic;
				COMBINE_HIDPI_IMAGES = YES;
				CURRENT_PROJECT_VERSION = 1;
				ENABLE_PREVIEWS = YES;
				GENERATE_INFOPLIST_FILE = YES;
				INFOPLIST_KEY_NSHumanReadableCopyright = "";
				LD_RUNPATH_SEARCH_PATHS = (
					"$(inherited)",
					"@executable_path/../Frameworks",
				);
				MARKETING_VERSION = 1.0;
				OTHER_LDFLAGS = (
					"-framework",
					CoreGraphics,
				);
				PRODUCT_BUNDLE_IDENTIFIER = AinuRakk.NiceUtil;
				PRODUCT_NAME = "$(TARGET_NAME)";
				REGISTER_APP_GROUPS = YES;
				SWIFT_EMIT_LOC_STRINGS = YES;
				SWIFT_OBJC_BRIDGING_HEADER = "NiceUtil/NiceUtil-Bridging-Header.h";
				SWIFT_VERSION = 5.0;
			};
			name = Release;
		};
		FC9C6D1A2E2E5B52007BC1BF /* Debug */ = {
			isa = XCBuildConfiguration;
			buildSettings = {
				BUNDLE_LOADER = "$(TEST_HOST)";
				CODE_SIGN_STYLE = Automatic;
				CURRENT_PROJECT_VERSION = 1;
				GENERATE_INFOPLIST_FILE = YES;
				MACOSX_DEPLOYMENT_TARGET = 15.5;
				MARKETING_VERSION = 1.0;
				PRODUCT_BUNDLE_IDENTIFIER = AinuRakk.NiceUtilTests;
				PRODUCT_NAME = "$(TARGET_NAME)";
				SWIFT_EMIT_LOC_STRINGS = NO;
				SWIFT_VERSION = 5.0;
				TEST_HOST = "$(BUILT_PRODUCTS_DIR)/NiceUtil.app/$(BUNDLE_EXECUTABLE_FOLDER_PATH)/NiceUtil";
			};
			name = Debug;
		};
		FC9C6D1B2E2E5B52007BC1BF /* Release */ = {
			isa = XCBuildConfiguration;
			buildSettings = {
				BUNDLE_LOADER = "$(TEST_HOST)";
				CODE_SIGN_STYLE = Automatic;
				CURRENT_PROJECT_VERSION = 1;
				GENERATE_INFOPLIST_FILE = YES;
				MACOSX_DEPLOYMENT_TARGET = 15.5;
				MARKETING_VERSION = 1.0;
				PRODUCT_BUNDLE_IDENTIFIER = AinuRakk.NiceUtilTests;
				PRODUCT_NAME = "$(TARGET_NAME)";
				SWIFT_EMIT_LOC_STRINGS = NO;
				SWIFT_VERSION = 5.0;
				TEST_HOST = "$(BUILT_PRODUCTS_DIR)/NiceUtil.app/$(BUNDLE_EXECUTABLE_FOLDER_PATH)/NiceUtil";
			};
			name = Release;
		};
		FC9C6D1D2E2E5B52007BC1BF /* Debug */ = {
			isa = XCBuildConfiguration;
			buildSettings = {
				CODE_SIGN_STYLE = Automatic;
				CURRENT_PROJECT_VERSION = 1;
				GENERATE_INFOPLIST_FILE = YES;
				MARKETING_VERSION = 1.0;
				PRODUCT_BUNDLE_IDENTIFIER = AinuRakk.NiceUtilUITests;
				PRODUCT_NAME = "$(TARGET_NAME)";
				SWIFT_EMIT_LOC_STRINGS = NO;
				SWIFT_VERSION = 5.0;
				TEST_TARGET_NAME = NiceUtil;
			};
			name = Debug;
		};
		FC9C6D1E2E2E5B52007BC1BF /* Release */ = {
			isa = XCBuildConfiguration;
			buildSettings = {
				CODE_SIGN_STYLE = Automatic;
				CURRENT_PROJECT_VERSION = 1;
				GENERATE_INFOPLIST_FILE = YES;
				MARKETING_VERSION = 1.0;
				PRODUCT_BUNDLE_IDENTIFIER = AinuRakk.NiceUtilUITests;
				PRODUCT_NAME = "$(TARGET_NAME)";
				SWIFT_EMIT_LOC_STRINGS = NO;
				SWIFT_VERSION = 5.0;
				TEST_TARGET_NAME = NiceUtil;
			};
			name = Release;
		};
/* End XCBuildConfiguration section */

/* Begin XCConfigurationList section */
		FC9C6CEF2E2E5B50007BC1BF /* Build configuration list for PBXProject "NiceUtil" */ = {
			isa = XCConfigurationList;
			buildConfigurations = (
				FC9C6D142E2E5B52007BC1BF /* Debug */,
				FC9C6D152E2E5B52007BC1BF /* Release */,
			);
			defaultConfigurationIsVisible = 0;
			defaultConfigurationName = Release;
		};
		FC9C6D162E2E5B52007BC1BF /* Build configuration list for PBXNativeTarget "NiceUtil" */ = {
			isa = XCConfigurationList;
			buildConfigurations = (
				FC9C6D172E2E5B52007BC1BF /* Debug */,
				FC9C6D182E2E5B52007BC1BF /* Release */,
			);
			defaultConfigurationIsVisible = 0;
			defaultConfigurationName = Release;
		};
		FC9C6D192E2E5B52007BC1BF /* Build configuration list for PBXNativeTarget "NiceUtilTests" */ = {
			isa = XCConfigurationList;
			buildConfigurations = (
				FC9C6D1A2E2E5B52007BC1BF /* Debug */,
				FC9C6D1B2E2E5B52007BC1BF /* Release */,
			);
			defaultConfigurationIsVisible = 0;
			defaultConfigurationName = Release;
		};
		FC9C6D1C2E2E5B52007BC1BF /* Build configuration list for PBXNativeTarget "NiceUtilUITests" */ = {
			isa = XCConfigurationList;
			buildConfigurations = (
				FC9C6D1D2E2E5B52007BC1BF /* Debug */,
				FC9C6D1E2E2E5B52007BC1BF /* Release */,
			);
			defaultConfigurationIsVisible = 0;
			defaultConfigurationName = Release;
		};
/* End XCConfigurationList section */
	};
	rootObject = FC9C6CEC2E2E5B50007BC1BF /* Project object */;
}
